
Microsoft Visual Studio Solution File, Format Version 12.00
# Visual Studio Version 16
VisualStudioVersion = 16.0.31624.102
MinimumVisualStudioVersion = 10.0.40219.1
Project("{2150E333-8FDC-42A3-9474-1A3956D46DE8}") = "apps", "apps", "{42FDEEAE-73D1-4F70-88EB-A52E25AEDE4B}"
EndProject
Project("{2150E333-8FDC-42A3-9474-1A3956D46DE8}") = "libs", "libs", "{47747F10-BF59-4A5C-9FB4-21269CE7C842}"
EndProject
Project("{9A19103F-16F7-4668-BE54-9A1E7A4F7556}") = "Dummy.Web", "apps\Dummy.Web\Dummy.Web.csproj", "{4F8DD333-09E5-482F-9665-6B4FA2A2A772}"
EndProject
Project("{9A19103F-16F7-4668-BE54-9A1E7A4F7556}") = "Dummy.Console", "apps\Dummy.Console\Dummy.Console.csproj", "{EB9504E5-97C3-4F76-A87C-65333C317A67}"
EndProject
Project("{2150E333-8FDC-42A3-9474-1A3956D46DE8}") = "core", "core", "{BCFD79FE-4D33-4C1B-BCB6-4D13B7695132}"
EndProject
Project("{9A19103F-16F7-4668-BE54-9A1E7A4F7556}") = "Core.Lib", "libs\core\Lib\Core.Lib.csproj", "{30C22959-8486-4E09-BCD5-EE3020C527B2}"
EndProject
Project("{9A19103F-16F7-4668-BE54-9A1E7A4F7556}") = "Core.Data", "libs\core\Data\Core.Data.csproj", "{C4697D4A-8BF8-4D06-9D8C-2D9438934AC6}"
EndProject
Project("{9A19103F-16F7-4668-BE54-9A1E7A4F7556}") = "Core.Data.EF", "libs\core\Data.EF\Core.Data.EF.csproj", "{24722139-2340-4394-B801-ADB395765934}"
EndProject
Project("{9A19103F-16F7-4668-BE54-9A1E7A4F7556}") = "Core.App", "libs\core\App\Core.App.csproj", "{A8A485EF-8E90-485B-A97E-49B9F56502CA}"
EndProject
Project("{9A19103F-16F7-4668-BE54-9A1E7A4F7556}") = "Core.App.Console", "libs\core\App.Console\Core.App.Console.csproj", "{1E77D67E-C650-477D-9412-2F0A1B712D38}"
EndProject
Project("{9A19103F-16F7-4668-BE54-9A1E7A4F7556}") = "Core.App.Web", "libs\core\App.Web\Core.App.Web.csproj", "{0CC72663-D41F-47C4-A1B5-252D33A84CC7}"
EndProject
Global
	GlobalSection(SolutionConfigurationPlatforms) = preSolution
		Debug|Any CPU = Debug|Any CPU
		Release|Any CPU = Release|Any CPU
	EndGlobalSection
	GlobalSection(ProjectConfigurationPlatforms) = postSolution
		{4F8DD333-09E5-482F-9665-6B4FA2A2A772}.Debug|Any CPU.ActiveCfg = Debug|Any CPU
		{4F8DD333-09E5-482F-9665-6B4FA2A2A772}.Debug|Any CPU.Build.0 = Debug|Any CPU
		{4F8DD333-09E5-482F-9665-6B4FA2A2A772}.Release|Any CPU.ActiveCfg = Release|Any CPU
		{4F8DD333-09E5-482F-9665-6B4FA2A2A772}.Release|Any CPU.Build.0 = Release|Any CPU
		{EB9504E5-97C3-4F76-A87C-65333C317A67}.Debug|Any CPU.ActiveCfg = Debug|Any CPU
		{EB9504E5-97C3-4F76-A87C-65333C317A67}.Debug|Any CPU.Build.0 = Debug|Any CPU
		{EB9504E5-97C3-4F76-A87C-65333C317A67}.Release|Any CPU.ActiveCfg = Release|Any CPU
		{EB9504E5-97C3-4F76-A87C-65333C317A67}.Release|Any CPU.Build.0 = Release|Any CPU
		{30C22959-8486-4E09-BCD5-EE3020C527B2}.Debug|Any CPU.ActiveCfg = Debug|Any CPU
		{30C22959-8486-4E09-BCD5-EE3020C527B2}.Debug|Any CPU.Build.0 = Debug|Any CPU
		{30C22959-8486-4E09-BCD5-EE3020C527B2}.Release|Any CPU.ActiveCfg = Release|Any CPU
		{30C22959-8486-4E09-BCD5-EE3020C527B2}.Release|Any CPU.Build.0 = Release|Any CPU
		{C4697D4A-8BF8-4D06-9D8C-2D9438934AC6}.Debug|Any CPU.ActiveCfg = Debug|Any CPU
		{C4697D4A-8BF8-4D06-9D8C-2D9438934AC6}.Debug|Any CPU.Build.0 = Debug|Any CPU
		{C4697D4A-8BF8-4D06-9D8C-2D9438934AC6}.Release|Any CPU.ActiveCfg = Release|Any CPU
		{C4697D4A-8BF8-4D06-9D8C-2D9438934AC6}.Release|Any CPU.Build.0 = Release|Any CPU
		{24722139-2340-4394-B801-ADB395765934}.Debug|Any CPU.ActiveCfg = Debug|Any CPU
		{24722139-2340-4394-B801-ADB395765934}.Debug|Any CPU.Build.0 = Debug|Any CPU
		{24722139-2340-4394-B801-ADB395765934}.Release|Any CPU.ActiveCfg = Release|Any CPU
		{24722139-2340-4394-B801-ADB395765934}.Release|Any CPU.Build.0 = Release|Any CPU
		{A8A485EF-8E90-485B-A97E-49B9F56502CA}.Debug|Any CPU.ActiveCfg = Debug|Any CPU
		{A8A485EF-8E90-485B-A97E-49B9F56502CA}.Debug|Any CPU.Build.0 = Debug|Any CPU
		{A8A485EF-8E90-485B-A97E-49B9F56502CA}.Release|Any CPU.ActiveCfg = Release|Any CPU
		{A8A485EF-8E90-485B-A97E-49B9F56502CA}.Release|Any CPU.Build.0 = Release|Any CPU
		{1E77D67E-C650-477D-9412-2F0A1B712D38}.Debug|Any CPU.ActiveCfg = Debug|Any CPU
		{1E77D67E-C650-477D-9412-2F0A1B712D38}.Debug|Any CPU.Build.0 = Debug|Any CPU
		{1E77D67E-C650-477D-9412-2F0A1B712D38}.Release|Any CPU.ActiveCfg = Release|Any CPU
		{1E77D67E-C650-477D-9412-2F0A1B712D38}.Release|Any CPU.Build.0 = Release|Any CPU
		{0CC72663-D41F-47C4-A1B5-252D33A84CC7}.Debug|Any CPU.ActiveCfg = Debug|Any CPU
		{0CC72663-D41F-47C4-A1B5-252D33A84CC7}.Debug|Any CPU.Build.0 = Debug|Any CPU
		{0CC72663-D41F-47C4-A1B5-252D33A84CC7}.Release|Any CPU.ActiveCfg = Release|Any CPU
		{0CC72663-D41F-47C4-A1B5-252D33A84CC7}.Release|Any CPU.Build.0 = Release|Any CPU
	EndGlobalSection
	GlobalSection(SolutionProperties) = preSolution
		HideSolutionNode = FALSE
	EndGlobalSection
	GlobalSection(NestedProjects) = preSolution
		{4F8DD333-09E5-482F-9665-6B4FA2A2A772} = {42FDEEAE-73D1-4F70-88EB-A52E25AEDE4B}
		{EB9504E5-97C3-4F76-A87C-65333C317A67} = {42FDEEAE-73D1-4F70-88EB-A52E25AEDE4B}
		{BCFD79FE-4D33-4C1B-BCB6-4D13B7695132} = {47747F10-BF59-4A5C-9FB4-21269CE7C842}
		{30C22959-8486-4E09-BCD5-EE3020C527B2} = {BCFD79FE-4D33-4C1B-BCB6-4D13B7695132}
		{C4697D4A-8BF8-4D06-9D8C-2D9438934AC6} = {BCFD79FE-4D33-4C1B-BCB6-4D13B7695132}
		{24722139-2340-4394-B801-ADB395765934} = {BCFD79FE-4D33-4C1B-BCB6-4D13B7695132}
		{A8A485EF-8E90-485B-A97E-49B9F56502CA} = {BCFD79FE-4D33-4C1B-BCB6-4D13B7695132}
		{1E77D67E-C650-477D-9412-2F0A1B712D38} = {BCFD79FE-4D33-4C1B-BCB6-4D13B7695132}
		{0CC72663-D41F-47C4-A1B5-252D33A84CC7} = {BCFD79FE-4D33-4C1B-BCB6-4D13B7695132}
	EndGlobalSection
	GlobalSection(ExtensibilityGlobals) = postSolution
		SolutionGuid = {5F88B923-253A-44F9-B4D4-95FCF992F07F}
	EndGlobalSection
EndGlobal
